
Microsoft Visual Studio Solution File, Format Version 12.00
# Visual Studio Version 16
VisualStudioVersion = 16.0.31205.134
MinimumVisualStudioVersion = 10.0.40219.1
Project("{FAE04EC0-301F-11D3-BF4B-00C04F79EFBC}") = "DotNet5Framework.Entities", "DotNet5Framework.Entities\DotNet5Framework.Entities.csproj", "{442B86E1-D970-442E-9BDD-291455938BE8}"
EndProject
Project("{FAE04EC0-301F-11D3-BF4B-00C04F79EFBC}") = "DotNet5Framework.DataAccess", "DotNet5Framework.DataAccess\DotNet5Framework.DataAccess.csproj", "{EB14D30D-9642-4FEA-B3D8-9B655232F131}"
EndProject
Project("{FAE04EC0-301F-11D3-BF4B-00C04F79EFBC}") = "DotNet5Framework.Business", "DotNet5Framework.Business\DotNet5Framework.Business.csproj", "{1728D37D-33CC-4B0F-BFF5-A0662579EF35}"
EndProject
Project("{FAE04EC0-301F-11D3-BF4B-00C04F79EFBC}") = "DotNet5Framework.API", "DotNet5Framework.API\DotNet5Framework.API.csproj", "{A71343CF-56E7-4AFC-9B1F-2B02015463BB}"
EndProject
Project("{9A19103F-16F7-4668-BE54-9A1E7A4F7556}") = "Core", "Core\Core.csproj", "{9B4ED901-C851-4944-9106-205314AC131C}"
EndProject
Global
	GlobalSection(SolutionConfigurationPlatforms) = preSolution
		Debug|Any CPU = Debug|Any CPU
		Release|Any CPU = Release|Any CPU
	EndGlobalSection
	GlobalSection(ProjectConfigurationPlatforms) = postSolution
		{442B86E1-D970-442E-9BDD-291455938BE8}.Debug|Any CPU.ActiveCfg = Debug|Any CPU
		{442B86E1-D970-442E-9BDD-291455938BE8}.Debug|Any CPU.Build.0 = Debug|Any CPU
		{442B86E1-D970-442E-9BDD-291455938BE8}.Release|Any CPU.ActiveCfg = Release|Any CPU
		{442B86E1-D970-442E-9BDD-291455938BE8}.Release|Any CPU.Build.0 = Release|Any CPU
		{EB14D30D-9642-4FEA-B3D8-9B655232F131}.Debug|Any CPU.ActiveCfg = Debug|Any CPU
		{EB14D30D-9642-4FEA-B3D8-9B655232F131}.Debug|Any CPU.Build.0 = Debug|Any CPU
		{EB14D30D-9642-4FEA-B3D8-9B655232F131}.Release|Any CPU.ActiveCfg = Release|Any CPU
		{EB14D30D-9642-4FEA-B3D8-9B655232F131}.Release|Any CPU.Build.0 = Release|Any CPU
		{1728D37D-33CC-4B0F-BFF5-A0662579EF35}.Debug|Any CPU.ActiveCfg = Debug|Any CPU
		{1728D37D-33CC-4B0F-BFF5-A0662579EF35}.Debug|Any CPU.Build.0 = Debug|Any CPU
		{1728D37D-33CC-4B0F-BFF5-A0662579EF35}.Release|Any CPU.ActiveCfg = Release|Any CPU
		{1728D37D-33CC-4B0F-BFF5-A0662579EF35}.Release|Any CPU.Build.0 = Release|Any CPU
		{A71343CF-56E7-4AFC-9B1F-2B02015463BB}.Debug|Any CPU.ActiveCfg = Debug|Any CPU
		{A71343CF-56E7-4AFC-9B1F-2B02015463BB}.Debug|Any CPU.Build.0 = Debug|Any CPU
		{A71343CF-56E7-4AFC-9B1F-2B02015463BB}.Release|Any CPU.ActiveCfg = Release|Any CPU
		{A71343CF-56E7-4AFC-9B1F-2B02015463BB}.Release|Any CPU.Build.0 = Release|Any CPU
		{9B4ED901-C851-4944-9106-205314AC131C}.Debug|Any CPU.ActiveCfg = Debug|Any CPU
		{9B4ED901-C851-4944-9106-205314AC131C}.Debug|Any CPU.Build.0 = Debug|Any CPU
		{9B4ED901-C851-4944-9106-205314AC131C}.Release|Any CPU.ActiveCfg = Release|Any CPU
		{9B4ED901-C851-4944-9106-205314AC131C}.Release|Any CPU.Build.0 = Release|Any CPU
	EndGlobalSection
	GlobalSection(SolutionProperties) = preSolution
		HideSolutionNode = FALSE
	EndGlobalSection
	GlobalSection(ExtensibilityGlobals) = postSolution
		SolutionGuid = {ED97F7EA-11F4-418B-A0A9-F7ADA0BE352E}
	EndGlobalSection
EndGlobal
